<?xml version="1.0" encoding="utf-8"?>
<Project ToolsVersion="16.0" xmlns="http://schemas.microsoft.com/developer/msbuild/2003">
  <ItemGroup>
    <Filter Include="src">
      <UniqueIdentifier>{2bec0e26-c4c7-4941-abaf-a7a2598710dd}</UniqueIdentifier>
    </Filter>
    <Filter Include="src\generators">
      <UniqueIdentifier>{a902ab77-261a-4b60-979e-8934b705060d}</UniqueIdentifier>
    </Filter>
    <Filter Include="src\draw">
      <UniqueIdentifier>{dc449966-8eec-4ca1-9645-b36d258feb90}</UniqueIdentifier>
    </Filter>
    <Filter Include="src\system">
      <UniqueIdentifier>{cdf7d363-2a5e-41e2-a730-2dd0fade8d7d}</UniqueIdentifier>
    </Filter>
    <Filter Include="src\ai">
      <UniqueIdentifier>{1af2aa61-44c2-412a-82ba-27609ae744f7}</UniqueIdentifier>
    </Filter>
    <Filter Include="src\game_entity">
      <UniqueIdentifier>{906cc533-fa4c-4f62-8198-653d69786463}</UniqueIdentifier>
    </Filter>
    <Filter Include="sdl_interface">
      <UniqueIdentifier>{4e67f530-6514-4333-a5cb-f806424c4517}</UniqueIdentifier>
    </Filter>
    <Filter Include="src\draw\fonts">
      <UniqueIdentifier>{d4faa46d-c8aa-4fca-ae95-0081bbfa39cd}</UniqueIdentifier>
    </Filter>
    <Filter Include="src\draw\shapes">
      <UniqueIdentifier>{00147b0f-82eb-4495-a394-9ed3cfc6f956}</UniqueIdentifier>
    </Filter>
  </ItemGroup>
  <ItemGroup>
    <ClCompile Include="src\levelgenmaze.c">
      <Filter>src\generators</Filter>
    </ClCompile>
    <ClCompile Include="src\exceptions.cpp">
      <Filter>src\system</Filter>
    </ClCompile>
    <ClCompile Include="src\include\projectile_list.cpp">
      <Filter>src\game_entity</Filter>
    </ClCompile>
    <ClCompile Include="src\scene.cpp">
      <Filter>src\game_entity</Filter>
    </ClCompile>
    <ClCompile Include="src\world.cpp">
      <Filter>src\game_entity</Filter>
    </ClCompile>
    <ClCompile Include="src\gui_widgets.cpp">
      <Filter>src\draw</Filter>
    </ClCompile>
    <ClCompile Include="src\gamelib\SDL\bitmap.cpp">
      <Filter>sdl_interface</Filter>
    </ClCompile>
    <ClCompile Include="src\gamelib\SDL\control.cpp">
      <Filter>sdl_interface</Filter>
    </ClCompile>
    <ClCompile Include="src\gamelib\SDL\controllersdl.cpp">
      <Filter>sdl_interface</Filter>
    </ClCompile>
    <ClCompile Include="src\gamelib\SDL\events.cpp">
      <Filter>sdl_interface</Filter>
    </ClCompile>
    <ClCompile Include="src\gamelib\SDL\logging.cpp">
      <Filter>sdl_interface</Filter>
    </ClCompile>
    <ClCompile Include="src\gamelib\SDL\gui.cpp">
      <Filter>sdl_interface</Filter>
    </ClCompile>
    <ClCompile Include="src\gamelib\SDL\sdldata.cpp">
      <Filter>sdl_interface</Filter>
    </ClCompile>
    <ClCompile Include="src\aitwitch.cpp">
      <Filter>src\ai</Filter>
    </ClCompile>
    <ClCompile Include="src\level_view.cpp">
      <Filter>src\ai</Filter>
    </ClCompile>
    <ClCompile Include="src\screen.cpp">
      <Filter>src\draw</Filter>
    </ClCompile>
    <ClCompile Include="src\tanksprites.cpp">
      <Filter>src\draw</Filter>
    </ClCompile>
    <ClCompile Include="src\game.cpp">
      <Filter>src\game_entity</Filter>
    </ClCompile>
    <ClCompile Include="src\level.cpp">
      <Filter>src\game_entity</Filter>
    </ClCompile>
    <ClCompile Include="src\projectile.cpp">
      <Filter>src\game_entity</Filter>
    </ClCompile>
    <ClCompile Include="src\tank.cpp">
      <Filter>src\game_entity</Filter>
    </ClCompile>
    <ClCompile Include="src\tanklist.cpp">
      <Filter>src\game_entity</Filter>
    </ClCompile>
    <ClCompile Include="src\memalloc.cpp">
      <Filter>src\system</Filter>
    </ClCompile>
    <ClCompile Include="src\random.cpp">
      <Filter>src\system</Filter>
    </ClCompile>
    <ClCompile Include="src\main.cpp">
      <Filter>src\system</Filter>
    </ClCompile>
    <ClCompile Include="src\levelgenutil.cpp">
      <Filter>src\generators</Filter>
    </ClCompile>
    <ClCompile Include="src\levelgentoast.cpp">
      <Filter>src\generators</Filter>
    </ClCompile>
    <ClCompile Include="src\levelgensimple.cpp">
      <Filter>src\generators</Filter>
    </ClCompile>
    <ClCompile Include="src\levelgen.cpp">
      <Filter>src\generators</Filter>
    </ClCompile>
    <ClCompile Include="src\levelgenbraid.cpp">
      <Filter>src\generators</Filter>
    </ClCompile>
    <ClCompile Include="src\bitmaps.cpp">
      <Filter>src\draw</Filter>
    </ClCompile>
    <ClCompile Include="src\level_adjacency.cpp">
      <Filter>src\game_entity</Filter>
    </ClCompile>
    <ClCompile Include="src\raw_level_data.cpp">
      <Filter>src\game_entity</Filter>
    </ClCompile>
    <ClCompile Include="src\weapon.cpp">
      <Filter>src\game_entity</Filter>
    </ClCompile>
    <ClCompile Include="src\gamelib\SDL\sdl_renderer.cpp">
      <Filter>sdl_interface</Filter>
    </ClCompile>
    <ClCompile Include="src\gamelib\SDL\sdl_system.cpp">
      <Filter>sdl_interface</Filter>
    </ClCompile>
    <ClCompile Include="src\level_pixel_surface.cpp">
      <Filter>src\draw</Filter>
    </ClCompile>
    <ClCompile Include="src\color_palette.cpp">
      <Filter>src\draw</Filter>
    </ClCompile>
    <ClCompile Include="src\font_renderer.cpp">
      <Filter>src\draw\fonts</Filter>
    </ClCompile>
    <ClCompile Include="src\bitmap_loader.cpp">
      <Filter>src\draw</Filter>
    </ClCompile>
    <ClCompile Include="src\mymath.cpp">
      <Filter>src\system</Filter>
    </ClCompile>
    <ClCompile Include="src\shape_renderer.cpp">
      <Filter>src\draw\shapes</Filter>
    </ClCompile>
    <ClCompile Include="src\harvester.cpp">
      <Filter>src\game_entity</Filter>
    </ClCompile>
    <ClCompile Include="src\render_surface.cpp">
      <Filter>src\draw</Filter>
    </ClCompile>
  </ItemGroup>
  <ItemGroup>
    <ClInclude Include="src\gamelib\SDL\controllersdl.h">
      <Filter>sdl_interface</Filter>
    </ClInclude>
    <ClInclude Include="src\gamelib\SDL\require_sdl.h">
      <Filter>sdl_interface</Filter>
    </ClInclude>
    <ClInclude Include="src\gamelib\SDL\sdldata.h">
      <Filter>sdl_interface</Filter>
    </ClInclude>
    <ClInclude Include="src\gamelib\SDL\control.h">
      <Filter>sdl_interface</Filter>
    </ClInclude>
    <ClInclude Include="src\include\levelgen.h">
      <Filter>src\generators</Filter>
    </ClInclude>
    <ClInclude Include="src\include\levelgenbraid.h">
      <Filter>src\generators</Filter>
    </ClInclude>
    <ClInclude Include="src\include\levelgenmaze.h">
      <Filter>src\generators</Filter>
    </ClInclude>
    <ClInclude Include="src\include\levelgensimple.h">
      <Filter>src\generators</Filter>
    </ClInclude>
    <ClInclude Include="src\include\levelgentoast.h">
      <Filter>src\generators</Filter>
    </ClInclude>
    <ClInclude Include="src\include\levelgenutil.h">
      <Filter>src\generators</Filter>
    </ClInclude>
    <ClInclude Include="src\include\screen.h">
      <Filter>src\draw</Filter>
    </ClInclude>
    <ClInclude Include="src\include\tanksprites.h">
      <Filter>src\draw</Filter>
    </ClInclude>
    <ClInclude Include="src\include\iterators.h">
      <Filter>src\system</Filter>
    </ClInclude>
    <ClInclude Include="src\include\containers.h">
      <Filter>src\system</Filter>
    </ClInclude>
    <ClInclude Include="src\exceptions.h">
      <Filter>src\system</Filter>
    </ClInclude>
    <ClInclude Include="src\include\memalloc.h">
      <Filter>src\system</Filter>
    </ClInclude>
    <ClInclude Include="src\include\parallelism.h">
      <Filter>src\system</Filter>
    </ClInclude>
    <ClInclude Include="src\include\random.h">
      <Filter>src\system</Filter>
    </ClInclude>
    <ClInclude Include="src\include\types.h">
      <Filter>src\system</Filter>
    </ClInclude>
    <ClInclude Include="src\include\tweak.h">
      <Filter>src\system</Filter>
    </ClInclude>
    <ClInclude Include="src\include\trace.h">
      <Filter>src\system</Filter>
    </ClInclude>
    <ClInclude Include="src\include\gamelib.h">
      <Filter>src\system</Filter>
    </ClInclude>
    <ClInclude Include="src\include\aitwitch.h">
      <Filter>src\ai</Filter>
    </ClInclude>
    <ClInclude Include="src\include\level_view.h">
      <Filter>src\ai</Filter>
    </ClInclude>
    <ClInclude Include="src\include\projectile.h">
      <Filter>src\game_entity</Filter>
    </ClInclude>
    <ClInclude Include="src\include\projectile_list.h">
      <Filter>src\game_entity</Filter>
    </ClInclude>
    <ClInclude Include="src\include\tank.h">
      <Filter>src\game_entity</Filter>
    </ClInclude>
    <ClInclude Include="src\include\tanklist.h">
      <Filter>src\game_entity</Filter>
    </ClInclude>
    <ClInclude Include="src\include\scene.h">
      <Filter>src\game_entity</Filter>
    </ClInclude>
    <ClInclude Include="src\include\level.h">
      <Filter>src\game_entity</Filter>
    </ClInclude>
    <ClInclude Include="src\include\game.h">
      <Filter>src\game_entity</Filter>
    </ClInclude>
    <ClInclude Include="src\include\controller.h">
      <Filter>src\game_entity</Filter>
    </ClInclude>
    <ClInclude Include="src\include\gui_widgets.h">
      <Filter>src\draw</Filter>
    </ClInclude>
    <ClInclude Include="src\base.h" />
    <ClInclude Include="src\include\bitmaps.h">
      <Filter>src\draw</Filter>
    </ClInclude>
    <ClInclude Include="src\include\world.h">
      <Filter>src\game_entity</Filter>
    </ClInclude>
    <ClInclude Include="src\gamelib\SDL\bitmap.h">
      <Filter>sdl_interface</Filter>
    </ClInclude>
    <ClInclude Include="src\include\containers_queue.h">
      <Filter>src\system</Filter>
    </ClInclude>
    <ClInclude Include="src\include\raycaster.h">
      <Filter>src\game_entity</Filter>
    </ClInclude>
    <ClInclude Include="src\include\mymath.h">
      <Filter>src\system</Filter>
    </ClInclude>
    <ClInclude Include="src\level_adjacency.h">
      <Filter>src\game_entity</Filter>
    </ClInclude>
    <ClInclude Include="src\raw_level_data.h">
      <Filter>src\game_entity</Filter>
    </ClInclude>
    <ClInclude Include="src\include\level_pixel.h">
      <Filter>src\game_entity</Filter>
    </ClInclude>
    <ClInclude Include="src\weapon.h">
      <Filter>src\game_entity</Filter>
    </ClInclude>
    <ClInclude Include="src\gamelib\SDL\sdl_renderer.h">
      <Filter>sdl_interface</Filter>
    </ClInclude>
    <ClInclude Include="src\gamelib\SDL\sdl_system.h">
      <Filter>sdl_interface</Filter>
    </ClInclude>
    <ClInclude Include="src\include\game_config.h">
      <Filter>src\system</Filter>
    </ClInclude>
    <ClInclude Include="src\include\game_system.h">
      <Filter>src\system</Filter>
    </ClInclude>
    <ClInclude Include="src\include\level_pixel_surface.h">
      <Filter>src\draw</Filter>
    </ClInclude>
    <ClInclude Include="src\include\color_palette.h">
      <Filter>src\draw</Filter>
    </ClInclude>
    <ClInclude Include="src\include\color.h">
      <Filter>src\system</Filter>
    </ClInclude>
    <ClInclude Include="src\font_renderer.h">
      <Filter>src\draw\fonts</Filter>
    </ClInclude>
    <ClInclude Include="src\bitmap_loader.h">
      <Filter>src\draw</Filter>
    </ClInclude>
    <ClInclude Include="src\shape_renderer.h">
      <Filter>src\draw\shapes</Filter>
    </ClInclude>
    <ClInclude Include="src\harvester.h">
      <Filter>src\game_entity</Filter>
    </ClInclude>
    <ClInclude Include="src\render_surface.h">
      <Filter>src\draw</Filter>
    </ClInclude>
  </ItemGroup>
  <ItemGroup>
    <None Include="packages.config" />
    <None Include=".clang-format" />
    <None Include="src\tweak.clang-format" />
  </ItemGroup>
  <ItemGroup>
    <Natvis Include="Debugging.natvis" />
  </ItemGroup>
  <ItemGroup>
    <Text Include="to_do.txt" />
  </ItemGroup>
</Project>